
Microsoft Visual Studio Solution File, Format Version 12.00
# Visual Studio Version 16
VisualStudioVersion = 16.0.31005.135
MinimumVisualStudioVersion = 10.0.40219.1
Project("{9A19103F-16F7-4668-BE54-9A1E7A4F7556}") = "ProjetoEstudo", "ProjetoEstudo\ProjetoEstudo.csproj", "{94A4DF69-4342-4266-805C-1BB2558320F1}"
	ProjectSection(ProjectDependencies) = postProject
		{ADF413EF-B502-452E-A2CB-C7C2D20BAA2C} = {ADF413EF-B502-452E-A2CB-C7C2D20BAA2C}
	EndProjectSection
EndProject
Project("{9A19103F-16F7-4668-BE54-9A1E7A4F7556}") = "ProjetoEstudo.Model", "ProjetoEstudo.Model\ProjetoEstudo.Model.csproj", "{0D8E41D4-0705-47FC-8D60-CCB5738E09BB}"
EndProject
Project("{9A19103F-16F7-4668-BE54-9A1E7A4F7556}") = "ProjetoEstudo.Utils", "EstudoProjeto.Utils\ProjetoEstudo.Utils.csproj", "{ADF413EF-B502-452E-A2CB-C7C2D20BAA2C}"
EndProject
Project("{9A19103F-16F7-4668-BE54-9A1E7A4F7556}") = "ProjetoEstudo.Dao", "ProjetoEstudo.Dao\ProjetoEstudo.Dao.csproj", "{3CF3AE43-D0B2-4402-8A50-A0178A776271}"
EndProject
Project("{9A19103F-16F7-4668-BE54-9A1E7A4F7556}") = "ProjetoEstudo.Service", "ProjetoEstudo.Service\ProjetoEstudo.Service.csproj", "{957B86FD-AFA0-4A39-9764-A6E227178808}"
EndProject
Project("{FAE04EC0-301F-11D3-BF4B-00C04F79EFBC}") = "Projeto.Estudo.SenderServiceBus", "Projeto.Estudo.SenderServiceBus\Projeto.Estudo.SenderServiceBus.csproj", "{0686CC07-D071-490B-AA53-32D784A495C8}"
EndProject
Global
	GlobalSection(SolutionConfigurationPlatforms) = preSolution
		Debug|Any CPU = Debug|Any CPU
		Release|Any CPU = Release|Any CPU
	EndGlobalSection
	GlobalSection(ProjectConfigurationPlatforms) = postSolution
		{94A4DF69-4342-4266-805C-1BB2558320F1}.Debug|Any CPU.ActiveCfg = Debug|Any CPU
		{94A4DF69-4342-4266-805C-1BB2558320F1}.Debug|Any CPU.Build.0 = Debug|Any CPU
		{94A4DF69-4342-4266-805C-1BB2558320F1}.Release|Any CPU.ActiveCfg = Release|Any CPU
		{94A4DF69-4342-4266-805C-1BB2558320F1}.Release|Any CPU.Build.0 = Release|Any CPU
		{0D8E41D4-0705-47FC-8D60-CCB5738E09BB}.Debug|Any CPU.ActiveCfg = Debug|Any CPU
		{0D8E41D4-0705-47FC-8D60-CCB5738E09BB}.Debug|Any CPU.Build.0 = Debug|Any CPU
		{0D8E41D4-0705-47FC-8D60-CCB5738E09BB}.Release|Any CPU.ActiveCfg = Release|Any CPU
		{0D8E41D4-0705-47FC-8D60-CCB5738E09BB}.Release|Any CPU.Build.0 = Release|Any CPU
		{ADF413EF-B502-452E-A2CB-C7C2D20BAA2C}.Debug|Any CPU.ActiveCfg = Debug|Any CPU
		{ADF413EF-B502-452E-A2CB-C7C2D20BAA2C}.Debug|Any CPU.Build.0 = Debug|Any CPU
		{ADF413EF-B502-452E-A2CB-C7C2D20BAA2C}.Release|Any CPU.ActiveCfg = Release|Any CPU
		{ADF413EF-B502-452E-A2CB-C7C2D20BAA2C}.Release|Any CPU.Build.0 = Release|Any CPU
		{3CF3AE43-D0B2-4402-8A50-A0178A776271}.Debug|Any CPU.ActiveCfg = Debug|Any CPU
		{3CF3AE43-D0B2-4402-8A50-A0178A776271}.Debug|Any CPU.Build.0 = Debug|Any CPU
		{3CF3AE43-D0B2-4402-8A50-A0178A776271}.Release|Any CPU.ActiveCfg = Release|Any CPU
		{3CF3AE43-D0B2-4402-8A50-A0178A776271}.Release|Any CPU.Build.0 = Release|Any CPU
		{957B86FD-AFA0-4A39-9764-A6E227178808}.Debug|Any CPU.ActiveCfg = Debug|Any CPU
		{957B86FD-AFA0-4A39-9764-A6E227178808}.Debug|Any CPU.Build.0 = Debug|Any CPU
		{957B86FD-AFA0-4A39-9764-A6E227178808}.Release|Any CPU.ActiveCfg = Release|Any CPU
		{957B86FD-AFA0-4A39-9764-A6E227178808}.Release|Any CPU.Build.0 = Release|Any CPU
		{0686CC07-D071-490B-AA53-32D784A495C8}.Debug|Any CPU.ActiveCfg = Debug|Any CPU
		{0686CC07-D071-490B-AA53-32D784A495C8}.Debug|Any CPU.Build.0 = Debug|Any CPU
		{0686CC07-D071-490B-AA53-32D784A495C8}.Release|Any CPU.ActiveCfg = Release|Any CPU
		{0686CC07-D071-490B-AA53-32D784A495C8}.Release|Any CPU.Build.0 = Release|Any CPU
	EndGlobalSection
	GlobalSection(SolutionProperties) = preSolution
		HideSolutionNode = FALSE
	EndGlobalSection
	GlobalSection(ExtensibilityGlobals) = postSolution
		SolutionGuid = {97FC9AC1-1BCC-4346-9E9F-33702F416904}
	EndGlobalSection
EndGlobal
